
Microsoft Visual Studio Solution File, Format Version 12.00
# Visual Studio Version 17
VisualStudioVersion = 17.10.35013.160
MinimumVisualStudioVersion = 10.0.40219.1
Project("{9A19103F-16F7-4668-BE54-9A1E7A4F7556}") = "DFSearch", "DFSearch\DFSearch.csproj", "{C9A318AC-D519-482A-BAE3-5F37CAD4C015}"
EndProject
Project("{54435603-DBB4-11D2-8724-00A0C9A8B90C}") = "DFSSearchSetup", "DFSSearchSetup\DFSSearchSetup.vdproj", "{92314729-2FA7-47FD-8463-302B7EC98746}"
EndProject
Global
	GlobalSection(SolutionConfigurationPlatforms) = preSolution
		Debug|Any CPU = Debug|Any CPU
		Debug|x86 = Debug|x86
		Release|Any CPU = Release|Any CPU
		Release|x86 = Release|x86
	EndGlobalSection
	GlobalSection(ProjectConfigurationPlatforms) = postSolution
		{C9A318AC-D519-482A-BAE3-5F37CAD4C015}.Debug|Any CPU.ActiveCfg = Debug|Any CPU
		{C9A318AC-D519-482A-BAE3-5F37CAD4C015}.Debug|Any CPU.Build.0 = Debug|Any CPU
		{C9A318AC-D519-482A-BAE3-5F37CAD4C015}.Debug|x86.ActiveCfg = Debug|Any CPU
		{C9A318AC-D519-482A-BAE3-5F37CAD4C015}.Debug|x86.Build.0 = Debug|Any CPU
		{C9A318AC-D519-482A-BAE3-5F37CAD4C015}.Release|Any CPU.ActiveCfg = Release|Any CPU
		{C9A318AC-D519-482A-BAE3-5F37CAD4C015}.Release|Any CPU.Build.0 = Release|Any CPU
		{C9A318AC-D519-482A-BAE3-5F37CAD4C015}.Release|x86.ActiveCfg = Release|Any CPU
		{C9A318AC-D519-482A-BAE3-5F37CAD4C015}.Release|x86.Build.0 = Release|Any CPU
		{92314729-2FA7-47FD-8463-302B7EC98746}.Debug|Any CPU.ActiveCfg = Debug
		{92314729-2FA7-47FD-8463-302B7EC98746}.Debug|x86.ActiveCfg = Debug
		{92314729-2FA7-47FD-8463-302B7EC98746}.Release|Any CPU.ActiveCfg = Release
		{92314729-2FA7-47FD-8463-302B7EC98746}.Release|x86.ActiveCfg = Release
	EndGlobalSection
	GlobalSection(SolutionProperties) = preSolution
		HideSolutionNode = FALSE
	EndGlobalSection
	GlobalSection(ExtensibilityGlobals) = postSolution
		SolutionGuid = {96EBB409-7D6C-42E9-8247-7B2881A7DEDC}
	EndGlobalSection
EndGlobal
